// !$*UTF8*$!
{
	archiveVersion = 1;
	classes = {
	};
	objectVersion = 50;
	objects = {

/* Begin PBXBuildFile section */
		4007753126FA59D700F7E13F /* .swiftlint.yml in Resources */ = {isa = PBXBuildFile; fileRef = 4007753026FA59D700F7E13F /* .swiftlint.yml */; };
		4007753426FA59DF00F7E13F /* swiftgen.yml in Resources */ = {isa = PBXBuildFile; fileRef = 4007753326FA59DF00F7E13F /* swiftgen.yml */; };
		4015CB6026FE6A3900B6692F /* MainViewTableCell.swift in Sources */ = {isa = PBXBuildFile; fileRef = 4015CB5F26FE6A3900B6692F /* MainViewTableCell.swift */; };
		404BA66526FA79C00084525B /* city.list.json in Resources */ = {isa = PBXBuildFile; fileRef = 404BA66426FA79C00084525B /* city.list.json */; };
		4058BD8C2700ED220050CE43 /* NetworkManager.swift in Sources */ = {isa = PBXBuildFile; fileRef = 4058BD8B2700ED220050CE43 /* NetworkManager.swift */; };
		4058BD9B270157710050CE43 /* CurrentWeatherManager.swift in Sources */ = {isa = PBXBuildFile; fileRef = 4058BD9A270157710050CE43 /* CurrentWeatherManager.swift */; };
		40688D4D27036380002C9FCA /* UIImageExtension.swift in Sources */ = {isa = PBXBuildFile; fileRef = 40688D4C27036380002C9FCA /* UIImageExtension.swift */; };
		40688D52270370B1002C9FCA /* AddCityButton.swift in Sources */ = {isa = PBXBuildFile; fileRef = 40688D51270370B1002C9FCA /* AddCityButton.swift */; };
		40688D5527037578002C9FCA /* DoneButton.swift in Sources */ = {isa = PBXBuildFile; fileRef = 40688D5427037577002C9FCA /* DoneButton.swift */; };
		40688D5C27037805002C9FCA /* CityDetailViewController.swift in Sources */ = {isa = PBXBuildFile; fileRef = 40688D5927037805002C9FCA /* CityDetailViewController.swift */; };
		40688D6227039671002C9FCA /* CityDetailViewController.storyboard in Resources */ = {isa = PBXBuildFile; fileRef = 40688D6427039671002C9FCA /* CityDetailViewController.storyboard */; };
		40688D742703BB51002C9FCA /* UIViewExtension.swift in Sources */ = {isa = PBXBuildFile; fileRef = 40688D732703BB51002C9FCA /* UIViewExtension.swift */; };
		40688D772703DAA4002C9FCA /* CityFileLoader.swift in Sources */ = {isa = PBXBuildFile; fileRef = 40688D762703DAA4002C9FCA /* CityFileLoader.swift */; };
		40688D7A2703DB6B002C9FCA /* CityDatabaseLoader.swift in Sources */ = {isa = PBXBuildFile; fileRef = 40688D792703DB6B002C9FCA /* CityDatabaseLoader.swift */; };
		4069A11726FAB06A00ECBFD3 /* Assets.swift in Sources */ = {isa = PBXBuildFile; fileRef = 4069A11626FAB06A00ECBFD3 /* Assets.swift */; };
		4069A12226FAB28A00ECBFD3 /* ChoosingCitiesView.xib in Resources */ = {isa = PBXBuildFile; fileRef = 4069A12126FAB28A00ECBFD3 /* ChoosingCitiesView.xib */; };
		4069A12526FAB5BF00ECBFD3 /* SubtitleTableViewCell.swift in Sources */ = {isa = PBXBuildFile; fileRef = 4069A12426FAB5BF00ECBFD3 /* SubtitleTableViewCell.swift */; };
		4069A12C26FACA2B00ECBFD3 /* MainViewModel.swift in Sources */ = {isa = PBXBuildFile; fileRef = 4069A12B26FACA2B00ECBFD3 /* MainViewModel.swift */; };
		4069A15226FAD87200ECBFD3 /* AppController.swift in Sources */ = {isa = PBXBuildFile; fileRef = 4069A15126FAD87200ECBFD3 /* AppController.swift */; };
		4069A15526FADC8500ECBFD3 /* DailyWeatherManager.swift in Sources */ = {isa = PBXBuildFile; fileRef = 4069A15426FADC8500ECBFD3 /* DailyWeatherManager.swift */; };
		4069A15826FAE22E00ECBFD3 /* CurrentWeather+CoreData.swift in Sources */ = {isa = PBXBuildFile; fileRef = 4069A15726FAE22E00ECBFD3 /* CurrentWeather+CoreData.swift */; };
		406AABB42704D0B000A2A4CB /* Coord.swift in Sources */ = {isa = PBXBuildFile; fileRef = 406AABB32704D0B000A2A4CB /* Coord.swift */; };
		4085E47B27059C5E001228F8 /* database.sqlite in Resources */ = {isa = PBXBuildFile; fileRef = 4085E47A27059C4C001228F8 /* database.sqlite */; };
		4087C359270289520027CD62 /* DB.xcdatamodeld in Sources */ = {isa = PBXBuildFile; fileRef = 4087C357270289520027CD62 /* DB.xcdatamodeld */; };
		408BCEE627018635003828FA /* LocationManager.swift in Sources */ = {isa = PBXBuildFile; fileRef = 408BCEE527018635003828FA /* LocationManager.swift */; };
		408CED6F26FBCDF2007B0621 /* SearchResultsViewController.swift in Sources */ = {isa = PBXBuildFile; fileRef = 408CED6E26FBCDF2007B0621 /* SearchResultsViewController.swift */; };
		408E3BCB270237C100246BE4 /* CityView.swift in Sources */ = {isa = PBXBuildFile; fileRef = 408E3BCA270237C100246BE4 /* CityView.swift */; };
		409353AB26FA9D0E00FE001A /* ChoosingCitiesViewController.swift in Sources */ = {isa = PBXBuildFile; fileRef = 409353A926FA9D0E00FE001A /* ChoosingCitiesViewController.swift */; };
		409353B126FA9D3000FE001A /* CitiesViewModel.swift in Sources */ = {isa = PBXBuildFile; fileRef = 409353B026FA9D3000FE001A /* CitiesViewModel.swift */; };
		40A36E7B2702742500EC1018 /* CityData.swift in Sources */ = {isa = PBXBuildFile; fileRef = 40A36E7A2702742500EC1018 /* CityData.swift */; };
		40AB2BB826FA735C00205981 /* CityManager.swift in Sources */ = {isa = PBXBuildFile; fileRef = 40AB2BB726FA735C00205981 /* CityManager.swift */; };
		40AB2BBB26FA737E00205981 /* City+CoreData.swift in Sources */ = {isa = PBXBuildFile; fileRef = 40AB2BBA26FA737E00205981 /* City+CoreData.swift */; };
		40AC3FDD26FF452E00940664 /* DailyWeatherViewController.swift in Sources */ = {isa = PBXBuildFile; fileRef = 40AC3FDB26FF452E00940664 /* DailyWeatherViewController.swift */; };
		40AC3FDE26FF452E00940664 /* DailyWeatherViewController.xib in Resources */ = {isa = PBXBuildFile; fileRef = 40AC3FDC26FF452E00940664 /* DailyWeatherViewController.xib */; };
		40AC3FE426FF455400940664 /* DailyWeatherViewModel.swift in Sources */ = {isa = PBXBuildFile; fileRef = 40AC3FE326FF455400940664 /* DailyWeatherViewModel.swift */; };
		40B80DC32702C37C00CC6542 /* MainDataModel.swift in Sources */ = {isa = PBXBuildFile; fileRef = 40B80DC22702C37C00CC6542 /* MainDataModel.swift */; };
		40C12F6026FA5B260059C42B /* Localizable.strings in Resources */ = {isa = PBXBuildFile; fileRef = 40C12F6226FA5B260059C42B /* Localizable.strings */; };
		40C12F6B26FA5BFE0059C42B /* Strings.swift in Sources */ = {isa = PBXBuildFile; fileRef = 40C12F6A26FA5BFE0059C42B /* Strings.swift */; };
		40CB0EEA26FA7CCD0030324C /* CoreDataManager.swift in Sources */ = {isa = PBXBuildFile; fileRef = 40CB0EE926FA7CCD0030324C /* CoreDataManager.swift */; };
		40E93E9626FA567700783ECC /* AppDelegate.swift in Sources */ = {isa = PBXBuildFile; fileRef = 40E93E9526FA567700783ECC /* AppDelegate.swift */; };
		40E93E9826FA567700783ECC /* SceneDelegate.swift in Sources */ = {isa = PBXBuildFile; fileRef = 40E93E9726FA567700783ECC /* SceneDelegate.swift */; };
		40E93E9A26FA567700783ECC /* MainViewController.swift in Sources */ = {isa = PBXBuildFile; fileRef = 40E93E9926FA567700783ECC /* MainViewController.swift */; };
		40E93E9D26FA567700783ECC /* Main.storyboard in Resources */ = {isa = PBXBuildFile; fileRef = 40E93E9B26FA567700783ECC /* Main.storyboard */; };
		40E93EA226FA567700783ECC /* Assets.xcassets in Resources */ = {isa = PBXBuildFile; fileRef = 40E93EA126FA567700783ECC /* Assets.xcassets */; };
		40E93EA526FA567700783ECC /* LaunchScreen.storyboard in Resources */ = {isa = PBXBuildFile; fileRef = 40E93EA326FA567700783ECC /* LaunchScreen.storyboard */; };
		55E6E53A79BAF6C839C525D8 /* Pods_WeatherApp.framework in Frameworks */ = {isa = PBXBuildFile; fileRef = 6458771993D875D1F42E072B /* Pods_WeatherApp.framework */; };
/* End PBXBuildFile section */

/* Begin PBXFileReference section */
		4007753026FA59D700F7E13F /* .swiftlint.yml */ = {isa = PBXFileReference; fileEncoding = 4; lastKnownFileType = text.yaml; path = .swiftlint.yml; sourceTree = "<group>"; };
		4007753326FA59DF00F7E13F /* swiftgen.yml */ = {isa = PBXFileReference; fileEncoding = 4; lastKnownFileType = text.yaml; path = swiftgen.yml; sourceTree = SOURCE_ROOT; };
		4015CB5F26FE6A3900B6692F /* MainViewTableCell.swift */ = {isa = PBXFileReference; lastKnownFileType = sourcecode.swift; path = MainViewTableCell.swift; sourceTree = "<group>"; };
		404BA66426FA79C00084525B /* city.list.json */ = {isa = PBXFileReference; fileEncoding = 4; lastKnownFileType = text.json; path = city.list.json; sourceTree = "<group>"; };
		4058BD8B2700ED220050CE43 /* NetworkManager.swift */ = {isa = PBXFileReference; lastKnownFileType = sourcecode.swift; path = NetworkManager.swift; sourceTree = "<group>"; };
		4058BD9A270157710050CE43 /* CurrentWeatherManager.swift */ = {isa = PBXFileReference; lastKnownFileType = sourcecode.swift; path = CurrentWeatherManager.swift; sourceTree = "<group>"; };
		40688D4C27036380002C9FCA /* UIImageExtension.swift */ = {isa = PBXFileReference; fileEncoding = 4; lastKnownFileType = sourcecode.swift; path = UIImageExtension.swift; sourceTree = "<group>"; };
		40688D51270370B1002C9FCA /* AddCityButton.swift */ = {isa = PBXFileReference; lastKnownFileType = sourcecode.swift; path = AddCityButton.swift; sourceTree = "<group>"; };
		40688D5427037577002C9FCA /* DoneButton.swift */ = {isa = PBXFileReference; lastKnownFileType = sourcecode.swift; path = DoneButton.swift; sourceTree = "<group>"; };
		40688D5927037805002C9FCA /* CityDetailViewController.swift */ = {isa = PBXFileReference; fileEncoding = 4; lastKnownFileType = sourcecode.swift; path = CityDetailViewController.swift; sourceTree = "<group>"; };
		40688D6327039671002C9FCA /* ru */ = {isa = PBXFileReference; lastKnownFileType = file.storyboard; name = ru; path = ru.lproj/CityDetailViewController.storyboard; sourceTree = "<group>"; };
		40688D732703BB51002C9FCA /* UIViewExtension.swift */ = {isa = PBXFileReference; lastKnownFileType = sourcecode.swift; path = UIViewExtension.swift; sourceTree = "<group>"; };
		40688D762703DAA4002C9FCA /* CityFileLoader.swift */ = {isa = PBXFileReference; lastKnownFileType = sourcecode.swift; path = CityFileLoader.swift; sourceTree = "<group>"; };
		40688D792703DB6B002C9FCA /* CityDatabaseLoader.swift */ = {isa = PBXFileReference; lastKnownFileType = sourcecode.swift; path = CityDatabaseLoader.swift; sourceTree = "<group>"; };
		4069A11626FAB06A00ECBFD3 /* Assets.swift */ = {isa = PBXFileReference; fileEncoding = 4; lastKnownFileType = sourcecode.swift; path = Assets.swift; sourceTree = "<group>"; };
		4069A12126FAB28A00ECBFD3 /* ChoosingCitiesView.xib */ = {isa = PBXFileReference; lastKnownFileType = file.xib; path = ChoosingCitiesView.xib; sourceTree = "<group>"; };
		4069A12426FAB5BF00ECBFD3 /* SubtitleTableViewCell.swift */ = {isa = PBXFileReference; lastKnownFileType = sourcecode.swift; path = SubtitleTableViewCell.swift; sourceTree = "<group>"; };
		4069A12B26FACA2B00ECBFD3 /* MainViewModel.swift */ = {isa = PBXFileReference; lastKnownFileType = sourcecode.swift; path = MainViewModel.swift; sourceTree = "<group>"; };
		4069A15126FAD87200ECBFD3 /* AppController.swift */ = {isa = PBXFileReference; lastKnownFileType = sourcecode.swift; path = AppController.swift; sourceTree = "<group>"; };
		4069A15426FADC8500ECBFD3 /* DailyWeatherManager.swift */ = {isa = PBXFileReference; lastKnownFileType = sourcecode.swift; path = DailyWeatherManager.swift; sourceTree = "<group>"; };
		4069A15726FAE22E00ECBFD3 /* CurrentWeather+CoreData.swift */ = {isa = PBXFileReference; lastKnownFileType = sourcecode.swift; path = "CurrentWeather+CoreData.swift"; sourceTree = "<group>"; };
		406AABB32704D0B000A2A4CB /* Coord.swift */ = {isa = PBXFileReference; lastKnownFileType = sourcecode.swift; path = Coord.swift; sourceTree = "<group>"; };
		4085E47A27059C4C001228F8 /* database.sqlite */ = {isa = PBXFileReference; lastKnownFileType = file; path = database.sqlite; sourceTree = SOURCE_ROOT; };
		4087C358270289520027CD62 /* DB.xcdatamodel */ = {isa = PBXFileReference; lastKnownFileType = wrapper.xcdatamodel; path = DB.xcdatamodel; sourceTree = "<group>"; };
		408BCEE527018635003828FA /* LocationManager.swift */ = {isa = PBXFileReference; lastKnownFileType = sourcecode.swift; path = LocationManager.swift; sourceTree = "<group>"; };
		408CED6E26FBCDF2007B0621 /* SearchResultsViewController.swift */ = {isa = PBXFileReference; lastKnownFileType = sourcecode.swift; path = SearchResultsViewController.swift; sourceTree = "<group>"; };
		408E3BCA270237C100246BE4 /* CityView.swift */ = {isa = PBXFileReference; lastKnownFileType = sourcecode.swift; path = CityView.swift; sourceTree = "<group>"; };
		409353A926FA9D0E00FE001A /* ChoosingCitiesViewController.swift */ = {isa = PBXFileReference; lastKnownFileType = sourcecode.swift; path = ChoosingCitiesViewController.swift; sourceTree = "<group>"; };
		409353B026FA9D3000FE001A /* CitiesViewModel.swift */ = {isa = PBXFileReference; lastKnownFileType = sourcecode.swift; path = CitiesViewModel.swift; sourceTree = "<group>"; };
		40A13C562704D6F9009D2DC9 /* Base */ = {isa = PBXFileReference; lastKnownFileType = file.storyboard; name = Base; path = Base.lproj/CityDetailViewController.storyboard; sourceTree = "<group>"; };
		40A13C582704D70A009D2DC9 /* en */ = {isa = PBXFileReference; lastKnownFileType = text.plist.strings; name = en; path = en.lproj/CityDetailViewController.strings; sourceTree = "<group>"; };
		40A36E7A2702742500EC1018 /* CityData.swift */ = {isa = PBXFileReference; lastKnownFileType = sourcecode.swift; path = CityData.swift; sourceTree = "<group>"; };
		40AB2BB726FA735C00205981 /* CityManager.swift */ = {isa = PBXFileReference; lastKnownFileType = sourcecode.swift; path = CityManager.swift; sourceTree = "<group>"; };
		40AB2BBA26FA737E00205981 /* City+CoreData.swift */ = {isa = PBXFileReference; lastKnownFileType = sourcecode.swift; path = "City+CoreData.swift"; sourceTree = "<group>"; };
		40AC3FDB26FF452E00940664 /* DailyWeatherViewController.swift */ = {isa = PBXFileReference; lastKnownFileType = sourcecode.swift; path = DailyWeatherViewController.swift; sourceTree = "<group>"; };
		40AC3FDC26FF452E00940664 /* DailyWeatherViewController.xib */ = {isa = PBXFileReference; lastKnownFileType = file.xib; path = DailyWeatherViewController.xib; sourceTree = "<group>"; };
		40AC3FE326FF455400940664 /* DailyWeatherViewModel.swift */ = {isa = PBXFileReference; lastKnownFileType = sourcecode.swift; path = DailyWeatherViewModel.swift; sourceTree = "<group>"; };
		40B80DC22702C37C00CC6542 /* MainDataModel.swift */ = {isa = PBXFileReference; lastKnownFileType = sourcecode.swift; path = MainDataModel.swift; sourceTree = "<group>"; };
		40C12F6126FA5B260059C42B /* en */ = {isa = PBXFileReference; lastKnownFileType = text.plist.strings; name = en; path = en.lproj/Localizable.strings; sourceTree = "<group>"; };
		40C12F6426FA5B410059C42B /* ru */ = {isa = PBXFileReference; lastKnownFileType = text.plist.strings; name = ru; path = ru.lproj/Localizable.strings; sourceTree = "<group>"; };
		40C12F6A26FA5BFE0059C42B /* Strings.swift */ = {isa = PBXFileReference; fileEncoding = 4; lastKnownFileType = sourcecode.swift; path = Strings.swift; sourceTree = "<group>"; };
		40CB0EE926FA7CCD0030324C /* CoreDataManager.swift */ = {isa = PBXFileReference; lastKnownFileType = sourcecode.swift; path = CoreDataManager.swift; sourceTree = "<group>"; };
		40E93E9226FA567700783ECC /* WeatherApp.app */ = {isa = PBXFileReference; explicitFileType = wrapper.application; includeInIndex = 0; path = WeatherApp.app; sourceTree = BUILT_PRODUCTS_DIR; };
		40E93E9526FA567700783ECC /* AppDelegate.swift */ = {isa = PBXFileReference; lastKnownFileType = sourcecode.swift; path = AppDelegate.swift; sourceTree = "<group>"; };
		40E93E9726FA567700783ECC /* SceneDelegate.swift */ = {isa = PBXFileReference; lastKnownFileType = sourcecode.swift; path = SceneDelegate.swift; sourceTree = "<group>"; };
		40E93E9926FA567700783ECC /* MainViewController.swift */ = {isa = PBXFileReference; lastKnownFileType = sourcecode.swift; path = MainViewController.swift; sourceTree = "<group>"; };
		40E93E9C26FA567700783ECC /* Base */ = {isa = PBXFileReference; lastKnownFileType = file.storyboard; name = Base; path = Base.lproj/Main.storyboard; sourceTree = "<group>"; };
		40E93EA126FA567700783ECC /* Assets.xcassets */ = {isa = PBXFileReference; lastKnownFileType = folder.assetcatalog; path = Assets.xcassets; sourceTree = "<group>"; };
		40E93EA426FA567700783ECC /* Base */ = {isa = PBXFileReference; lastKnownFileType = file.storyboard; name = Base; path = Base.lproj/LaunchScreen.storyboard; sourceTree = "<group>"; };
		40E93EA626FA567700783ECC /* Info.plist */ = {isa = PBXFileReference; lastKnownFileType = text.plist.xml; path = Info.plist; sourceTree = "<group>"; };
		6458771993D875D1F42E072B /* Pods_WeatherApp.framework */ = {isa = PBXFileReference; explicitFileType = wrapper.framework; includeInIndex = 0; path = Pods_WeatherApp.framework; sourceTree = BUILT_PRODUCTS_DIR; };
		87A1E775F70591729C8D20C9 /* Pods-WeatherApp.debug.xcconfig */ = {isa = PBXFileReference; includeInIndex = 1; lastKnownFileType = text.xcconfig; name = "Pods-WeatherApp.debug.xcconfig"; path = "Target Support Files/Pods-WeatherApp/Pods-WeatherApp.debug.xcconfig"; sourceTree = "<group>"; };
		BB490BD5680C6E23B2A634CB /* Pods-WeatherApp.release.xcconfig */ = {isa = PBXFileReference; includeInIndex = 1; lastKnownFileType = text.xcconfig; name = "Pods-WeatherApp.release.xcconfig"; path = "Target Support Files/Pods-WeatherApp/Pods-WeatherApp.release.xcconfig"; sourceTree = "<group>"; };
/* End PBXFileReference section */

/* Begin PBXFrameworksBuildPhase section */
		40E93E8F26FA567700783ECC /* Frameworks */ = {
			isa = PBXFrameworksBuildPhase;
			buildActionMask = 2147483647;
			files = (
				55E6E53A79BAF6C839C525D8 /* Pods_WeatherApp.framework in Frameworks */,
			);
			runOnlyForDeploymentPostprocessing = 0;
		};
/* End PBXFrameworksBuildPhase section */

/* Begin PBXGroup section */
		4007752F26FA59C700F7E13F /* Sources */ = {
			isa = PBXGroup;
			children = (
				40688D502703709B002C9FCA /* Views */,
				40C12F6A26FA5BFE0059C42B /* Strings.swift */,
				4069A11626FAB06A00ECBFD3 /* Assets.swift */,
				4007753726FA5A0100F7E13F /* Models */,
				4007753626FA59FA00F7E13F /* ViewControllers */,
				408E3BD827025F3C00246BE4 /* Network */,
				40688D7C2703DB7E002C9FCA /* Database */,
				40A13C5A270506D6009D2DC9 /* Location */,
				40688D4B27036369002C9FCA /* Extensions */,
				40E93E9526FA567700783ECC /* AppDelegate.swift */,
				4069A15126FAD87200ECBFD3 /* AppController.swift */,
				40E93E9726FA567700783ECC /* SceneDelegate.swift */,
				40C12F6226FA5B260059C42B /* Localizable.strings */,
			);
			path = Sources;
			sourceTree = "<group>";
		};
		4007753626FA59FA00F7E13F /* ViewControllers */ = {
			isa = PBXGroup;
			children = (
				40688D57270377A1002C9FCA /* CityDetail */,
				409353A826FA9B6900FE001A /* ChosingCities */,
				4007753826FA5A1600F7E13F /* Main */,
				40AC3FDA26FF451C00940664 /* DailyWeather */,
				40E93EA326FA567700783ECC /* LaunchScreen.storyboard */,
			);
			path = ViewControllers;
			sourceTree = "<group>";
		};
		4007753726FA5A0100F7E13F /* Models */ = {
			isa = PBXGroup;
			children = (
				40AB2BBA26FA737E00205981 /* City+CoreData.swift */,
				406AABB32704D0B000A2A4CB /* Coord.swift */,
				4069A15726FAE22E00ECBFD3 /* CurrentWeather+CoreData.swift */,
				40A36E7A2702742500EC1018 /* CityData.swift */,
				40B80DC22702C37C00CC6542 /* MainDataModel.swift */,
			);
			path = Models;
			sourceTree = "<group>";
		};
		4007753826FA5A1600F7E13F /* Main */ = {
			isa = PBXGroup;
			children = (
				40E93E9926FA567700783ECC /* MainViewController.swift */,
				4069A12B26FACA2B00ECBFD3 /* MainViewModel.swift */,
				4015CB5F26FE6A3900B6692F /* MainViewTableCell.swift */,
				40E93E9B26FA567700783ECC /* Main.storyboard */,
			);
			path = Main;
			sourceTree = "<group>";
		};
		40688D4B27036369002C9FCA /* Extensions */ = {
			isa = PBXGroup;
			children = (
				40688D4C27036380002C9FCA /* UIImageExtension.swift */,
				40688D732703BB51002C9FCA /* UIViewExtension.swift */,
			);
			path = Extensions;
			sourceTree = "<group>";
		};
		40688D502703709B002C9FCA /* Views */ = {
			isa = PBXGroup;
			children = (
				40688D51270370B1002C9FCA /* AddCityButton.swift */,
				40688D5427037577002C9FCA /* DoneButton.swift */,
				408E3BCA270237C100246BE4 /* CityView.swift */,
			);
			path = Views;
			sourceTree = "<group>";
		};
		40688D57270377A1002C9FCA /* CityDetail */ = {
			isa = PBXGroup;
			children = (
				40688D5927037805002C9FCA /* CityDetailViewController.swift */,
				40688D6427039671002C9FCA /* CityDetailViewController.storyboard */,
			);
			path = CityDetail;
			sourceTree = "<group>";
		};
		40688D7C2703DB7E002C9FCA /* Database */ = {
			isa = PBXGroup;
			children = (
				40CB0EE926FA7CCD0030324C /* CoreDataManager.swift */,
				40AB2BB726FA735C00205981 /* CityManager.swift */,
				40688D792703DB6B002C9FCA /* CityDatabaseLoader.swift */,
				40688D762703DAA4002C9FCA /* CityFileLoader.swift */,
			);
			path = Database;
			sourceTree = "<group>";
		};
		408E3BD827025F3C00246BE4 /* Network */ = {
			isa = PBXGroup;
			children = (
				4069A15426FADC8500ECBFD3 /* DailyWeatherManager.swift */,
				4058BD9A270157710050CE43 /* CurrentWeatherManager.swift */,
				4058BD8B2700ED220050CE43 /* NetworkManager.swift */,
			);
			path = Network;
			sourceTree = "<group>";
		};
		409353A826FA9B6900FE001A /* ChosingCities */ = {
			isa = PBXGroup;
			children = (
				409353A926FA9D0E00FE001A /* ChoosingCitiesViewController.swift */,
				408CED6E26FBCDF2007B0621 /* SearchResultsViewController.swift */,
				409353B026FA9D3000FE001A /* CitiesViewModel.swift */,
				4069A12426FAB5BF00ECBFD3 /* SubtitleTableViewCell.swift */,
				4069A12126FAB28A00ECBFD3 /* ChoosingCitiesView.xib */,
			);
			path = ChosingCities;
			sourceTree = "<group>";
		};
		40A13C5A270506D6009D2DC9 /* Location */ = {
			isa = PBXGroup;
			children = (
				408BCEE527018635003828FA /* LocationManager.swift */,
			);
			path = Location;
			sourceTree = "<group>";
		};
		40AC3FDA26FF451C00940664 /* DailyWeather */ = {
			isa = PBXGroup;
			children = (
				40AC3FDB26FF452E00940664 /* DailyWeatherViewController.swift */,
				40AC3FE326FF455400940664 /* DailyWeatherViewModel.swift */,
				40AC3FDC26FF452E00940664 /* DailyWeatherViewController.xib */,
			);
			path = DailyWeather;
			sourceTree = "<group>";
		};
		40E93E8926FA567600783ECC = {
			isa = PBXGroup;
			children = (
				40E93E9426FA567700783ECC /* WeatherApp */,
				40E93E9326FA567700783ECC /* Products */,
				D9CE2B1980FC47541D8E0605 /* Pods */,
				F42104C78BBFAB64960E7A50 /* Frameworks */,
			);
			sourceTree = "<group>";
		};
		40E93E9326FA567700783ECC /* Products */ = {
			isa = PBXGroup;
			children = (
				40E93E9226FA567700783ECC /* WeatherApp.app */,
			);
			name = Products;
			sourceTree = "<group>";
		};
		40E93E9426FA567700783ECC /* WeatherApp */ = {
			isa = PBXGroup;
			children = (
				4007752F26FA59C700F7E13F /* Sources */,
				40E93EA126FA567700783ECC /* Assets.xcassets */,
				40E93EA626FA567700783ECC /* Info.plist */,
				4087C357270289520027CD62 /* DB.xcdatamodeld */,
				4007753326FA59DF00F7E13F /* swiftgen.yml */,
				4085E47A27059C4C001228F8 /* database.sqlite */,
				404BA66426FA79C00084525B /* city.list.json */,
				4007753026FA59D700F7E13F /* .swiftlint.yml */,
			);
			path = WeatherApp;
			sourceTree = "<group>";
		};
		D9CE2B1980FC47541D8E0605 /* Pods */ = {
			isa = PBXGroup;
			children = (
				87A1E775F70591729C8D20C9 /* Pods-WeatherApp.debug.xcconfig */,
				BB490BD5680C6E23B2A634CB /* Pods-WeatherApp.release.xcconfig */,
			);
			path = Pods;
			sourceTree = "<group>";
		};
		F42104C78BBFAB64960E7A50 /* Frameworks */ = {
			isa = PBXGroup;
			children = (
				6458771993D875D1F42E072B /* Pods_WeatherApp.framework */,
			);
			name = Frameworks;
			sourceTree = "<group>";
		};
/* End PBXGroup section */

/* Begin PBXNativeTarget section */
		40E93E9126FA567700783ECC /* WeatherApp */ = {
			isa = PBXNativeTarget;
			buildConfigurationList = 40E93EA926FA567700783ECC /* Build configuration list for PBXNativeTarget "WeatherApp" */;
			buildPhases = (
				723D912BF2651780080577F0 /* [CP] Check Pods Manifest.lock */,
				40C12F6726FA5BA60059C42B /* Swiftgen */,
				40C12F6826FA5BCF0059C42B /* Lint */,
				40E93E8E26FA567700783ECC /* Sources */,
				40E93E8F26FA567700783ECC /* Frameworks */,
				40E93E9026FA567700783ECC /* Resources */,
			);
			buildRules = (
			);
			dependencies = (
			);
			name = WeatherApp;
			productName = WeatherApp;
			productReference = 40E93E9226FA567700783ECC /* WeatherApp.app */;
			productType = "com.apple.product-type.application";
		};
/* End PBXNativeTarget section */

/* Begin PBXProject section */
		40E93E8A26FA567600783ECC /* Project object */ = {
			isa = PBXProject;
			attributes = {
				LastSwiftUpdateCheck = 1240;
				LastUpgradeCheck = 1240;
				TargetAttributes = {
					40E93E9126FA567700783ECC = {
						CreatedOnToolsVersion = 12.4;
					};
				};
			};
			buildConfigurationList = 40E93E8D26FA567600783ECC /* Build configuration list for PBXProject "WeatherApp" */;
			compatibilityVersion = "Xcode 9.3";
			developmentRegion = en;
			hasScannedForEncodings = 0;
			knownRegions = (
				en,
				Base,
				ru,
			);
			mainGroup = 40E93E8926FA567600783ECC;
			productRefGroup = 40E93E9326FA567700783ECC /* Products */;
			projectDirPath = "";
			projectRoot = "";
			targets = (
				40E93E9126FA567700783ECC /* WeatherApp */,
			);
		};
/* End PBXProject section */

/* Begin PBXResourcesBuildPhase section */
		40E93E9026FA567700783ECC /* Resources */ = {
			isa = PBXResourcesBuildPhase;
			buildActionMask = 2147483647;
			files = (
				4085E47B27059C5E001228F8 /* database.sqlite in Resources */,
				40688D6227039671002C9FCA /* CityDetailViewController.storyboard in Resources */,
				4007753126FA59D700F7E13F /* .swiftlint.yml in Resources */,
				40C12F6026FA5B260059C42B /* Localizable.strings in Resources */,
				4007753426FA59DF00F7E13F /* swiftgen.yml in Resources */,
				40E93EA526FA567700783ECC /* LaunchScreen.storyboard in Resources */,
				40E93EA226FA567700783ECC /* Assets.xcassets in Resources */,
				4069A12226FAB28A00ECBFD3 /* ChoosingCitiesView.xib in Resources */,
				404BA66526FA79C00084525B /* city.list.json in Resources */,
				40AC3FDE26FF452E00940664 /* DailyWeatherViewController.xib in Resources */,
				40E93E9D26FA567700783ECC /* Main.storyboard in Resources */,
			);
			runOnlyForDeploymentPostprocessing = 0;
		};
/* End PBXResourcesBuildPhase section */

/* Begin PBXShellScriptBuildPhase section */
		40C12F6726FA5BA60059C42B /* Swiftgen */ = {
			isa = PBXShellScriptBuildPhase;
			buildActionMask = 2147483647;
			files = (
			);
			inputFileListPaths = (
			);
			inputPaths = (
			);
			name = Swiftgen;
			outputFileListPaths = (
			);
			outputPaths = (
			);
			runOnlyForDeploymentPostprocessing = 0;
			shellPath = /bin/sh;
			shellScript = "# Type a script or drag a script file from your workspace to insert its path.\n ${PODS_ROOT}/SwiftGen/bin/swiftgen config run\n";
		};
		40C12F6826FA5BCF0059C42B /* Lint */ = {
			isa = PBXShellScriptBuildPhase;
			buildActionMask = 2147483647;
			files = (
			);
			inputFileListPaths = (
			);
			inputPaths = (
			);
			name = Lint;
			outputFileListPaths = (
			);
			outputPaths = (
			);
			runOnlyForDeploymentPostprocessing = 0;
			shellPath = /bin/sh;
			shellScript = "# Type a script or drag a script file from your workspace to insert its path.\nif which swiftlint >/dev/null; then\n  swiftlint\nelse\n  echo \"warning: SwiftLint not installed, download from https://github.com/realm/SwiftLint\"\nfi\n";
		};
		723D912BF2651780080577F0 /* [CP] Check Pods Manifest.lock */ = {
			isa = PBXShellScriptBuildPhase;
			buildActionMask = 2147483647;
			files = (
			);
			inputFileListPaths = (
			);
			inputPaths = (
				"${PODS_PODFILE_DIR_PATH}/Podfile.lock",
				"${PODS_ROOT}/Manifest.lock",
			);
			name = "[CP] Check Pods Manifest.lock";
			outputFileListPaths = (
			);
			outputPaths = (
				"$(DERIVED_FILE_DIR)/Pods-WeatherApp-checkManifestLockResult.txt",
			);
			runOnlyForDeploymentPostprocessing = 0;
			shellPath = /bin/sh;
			shellScript = "diff \"${PODS_PODFILE_DIR_PATH}/Podfile.lock\" \"${PODS_ROOT}/Manifest.lock\" > /dev/null\nif [ $? != 0 ] ; then\n    # print error to STDERR\n    echo \"error: The sandbox is not in sync with the Podfile.lock. Run 'pod install' or update your CocoaPods installation.\" >&2\n    exit 1\nfi\n# This output is used by Xcode 'outputs' to avoid re-running this script phase.\necho \"SUCCESS\" > \"${SCRIPT_OUTPUT_FILE_0}\"\n";
			showEnvVarsInLog = 0;
		};
/* End PBXShellScriptBuildPhase section */

/* Begin PBXSourcesBuildPhase section */
		40E93E8E26FA567700783ECC /* Sources */ = {
			isa = PBXSourcesBuildPhase;
			buildActionMask = 2147483647;
			files = (
				40AC3FE426FF455400940664 /* DailyWeatherViewModel.swift in Sources */,
				40688D7A2703DB6B002C9FCA /* CityDatabaseLoader.swift in Sources */,
				408CED6F26FBCDF2007B0621 /* SearchResultsViewController.swift in Sources */,
				4058BD8C2700ED220050CE43 /* NetworkManager.swift in Sources */,
				4069A11726FAB06A00ECBFD3 /* Assets.swift in Sources */,
				40B80DC32702C37C00CC6542 /* MainDataModel.swift in Sources */,
				40688D4D27036380002C9FCA /* UIImageExtension.swift in Sources */,
				40AB2BB826FA735C00205981 /* CityManager.swift in Sources */,
				409353B126FA9D3000FE001A /* CitiesViewModel.swift in Sources */,
				408BCEE627018635003828FA /* LocationManager.swift in Sources */,
				40A36E7B2702742500EC1018 /* CityData.swift in Sources */,
				40E93E9A26FA567700783ECC /* MainViewController.swift in Sources */,
				4058BD9B270157710050CE43 /* CurrentWeatherManager.swift in Sources */,
				40688D742703BB51002C9FCA /* UIViewExtension.swift in Sources */,
				40688D5527037578002C9FCA /* DoneButton.swift in Sources */,
				406AABB42704D0B000A2A4CB /* Coord.swift in Sources */,
				4069A12C26FACA2B00ECBFD3 /* MainViewModel.swift in Sources */,
				40C12F6B26FA5BFE0059C42B /* Strings.swift in Sources */,
				4015CB6026FE6A3900B6692F /* MainViewTableCell.swift in Sources */,
				408E3BCB270237C100246BE4 /* CityView.swift in Sources */,
				40688D52270370B1002C9FCA /* AddCityButton.swift in Sources */,
				40688D5C27037805002C9FCA /* CityDetailViewController.swift in Sources */,
				40E93E9626FA567700783ECC /* AppDelegate.swift in Sources */,
				409353AB26FA9D0E00FE001A /* ChoosingCitiesViewController.swift in Sources */,
				40E93E9826FA567700783ECC /* SceneDelegate.swift in Sources */,
				4069A15826FAE22E00ECBFD3 /* CurrentWeather+CoreData.swift in Sources */,
				4069A12526FAB5BF00ECBFD3 /* SubtitleTableViewCell.swift in Sources */,
				40CB0EEA26FA7CCD0030324C /* CoreDataManager.swift in Sources */,
				4069A15526FADC8500ECBFD3 /* DailyWeatherManager.swift in Sources */,
				40AB2BBB26FA737E00205981 /* City+CoreData.swift in Sources */,
				4087C359270289520027CD62 /* DB.xcdatamodeld in Sources */,
				4069A15226FAD87200ECBFD3 /* AppController.swift in Sources */,
				40AC3FDD26FF452E00940664 /* DailyWeatherViewController.swift in Sources */,
				40688D772703DAA4002C9FCA /* CityFileLoader.swift in Sources */,
			);
			runOnlyForDeploymentPostprocessing = 0;
		};
/* End PBXSourcesBuildPhase section */

/* Begin PBXVariantGroup section */
		40688D6427039671002C9FCA /* CityDetailViewController.storyboard */ = {
			isa = PBXVariantGroup;
			children = (
				40688D6327039671002C9FCA /* ru */,
				40A13C562704D6F9009D2DC9 /* Base */,
				40A13C582704D70A009D2DC9 /* en */,
			);
			name = CityDetailViewController.storyboard;
			sourceTree = "<group>";
		};
		40C12F6226FA5B260059C42B /* Localizable.strings */ = {
			isa = PBXVariantGroup;
			children = (
				40C12F6126FA5B260059C42B /* en */,
				40C12F6426FA5B410059C42B /* ru */,
			);
			name = Localizable.strings;
			sourceTree = "<group>";
		};
		40E93E9B26FA567700783ECC /* Main.storyboard */ = {
			isa = PBXVariantGroup;
			children = (
				40E93E9C26FA567700783ECC /* Base */,
			);
			name = Main.storyboard;
			sourceTree = "<group>";
		};
		40E93EA326FA567700783ECC /* LaunchScreen.storyboard */ = {
			isa = PBXVariantGroup;
			children = (
				40E93EA426FA567700783ECC /* Base */,
			);
			name = LaunchScreen.storyboard;
			sourceTree = "<group>";
		};
/* End PBXVariantGroup section */

/* Begin XCBuildConfiguration section */
		40E93EA726FA567700783ECC /* Debug */ = {
			isa = XCBuildConfiguration;
			buildSettings = {
				ALWAYS_SEARCH_USER_PATHS = NO;
				CLANG_ANALYZER_LOCALIZABILITY_NONLOCALIZED = YES;
				CLANG_ANALYZER_NONNULL = YES;
				CLANG_ANALYZER_NUMBER_OBJECT_CONVERSION = YES_AGGRESSIVE;
				CLANG_CXX_LANGUAGE_STANDARD = "gnu++14";
				CLANG_CXX_LIBRARY = "libc++";
				CLANG_ENABLE_MODULES = YES;
				CLANG_ENABLE_OBJC_ARC = YES;
				CLANG_ENABLE_OBJC_WEAK = YES;
				CLANG_WARN_BLOCK_CAPTURE_AUTORELEASING = YES;
				CLANG_WARN_BOOL_CONVERSION = YES;
				CLANG_WARN_COMMA = YES;
				CLANG_WARN_CONSTANT_CONVERSION = YES;
				CLANG_WARN_DEPRECATED_OBJC_IMPLEMENTATIONS = YES;
				CLANG_WARN_DIRECT_OBJC_ISA_USAGE = YES_ERROR;
				CLANG_WARN_DOCUMENTATION_COMMENTS = YES;
				CLANG_WARN_EMPTY_BODY = YES;
				CLANG_WARN_ENUM_CONVERSION = YES;
				CLANG_WARN_INFINITE_RECURSION = YES;
				CLANG_WARN_INT_CONVERSION = YES;
				CLANG_WARN_NON_LITERAL_NULL_CONVERSION = YES;
				CLANG_WARN_OBJC_IMPLICIT_RETAIN_SELF = YES;
				CLANG_WARN_OBJC_LITERAL_CONVERSION = YES;
				CLANG_WARN_OBJC_ROOT_CLASS = YES_ERROR;
				CLANG_WARN_QUOTED_INCLUDE_IN_FRAMEWORK_HEADER = YES;
				CLANG_WARN_RANGE_LOOP_ANALYSIS = YES;
				CLANG_WARN_STRICT_PROTOTYPES = YES;
				CLANG_WARN_SUSPICIOUS_MOVE = YES;
				CLANG_WARN_UNGUARDED_AVAILABILITY = YES_AGGRESSIVE;
				CLANG_WARN_UNREACHABLE_CODE = YES;
				CLANG_WARN__DUPLICATE_METHOD_MATCH = YES;
				COPY_PHASE_STRIP = NO;
				DEBUG_INFORMATION_FORMAT = dwarf;
				ENABLE_STRICT_OBJC_MSGSEND = YES;
				ENABLE_TESTABILITY = YES;
				GCC_C_LANGUAGE_STANDARD = gnu11;
				GCC_DYNAMIC_NO_PIC = NO;
				GCC_NO_COMMON_BLOCKS = YES;
				GCC_OPTIMIZATION_LEVEL = 0;
				GCC_PREPROCESSOR_DEFINITIONS = (
					"DEBUG=1",
					"$(inherited)",
				);
				GCC_WARN_64_TO_32_BIT_CONVERSION = YES;
				GCC_WARN_ABOUT_RETURN_TYPE = YES_ERROR;
				GCC_WARN_UNDECLARED_SELECTOR = YES;
				GCC_WARN_UNINITIALIZED_AUTOS = YES_AGGRESSIVE;
				GCC_WARN_UNUSED_FUNCTION = YES;
				GCC_WARN_UNUSED_VARIABLE = YES;
				IPHONEOS_DEPLOYMENT_TARGET = 12.3;
				MTL_ENABLE_DEBUG_INFO = INCLUDE_SOURCE;
				MTL_FAST_MATH = YES;
				ONLY_ACTIVE_ARCH = YES;
				SDKROOT = iphoneos;
				SWIFT_ACTIVE_COMPILATION_CONDITIONS = DEBUG;
				SWIFT_OPTIMIZATION_LEVEL = "-Onone";
			};
			name = Debug;
		};
		40E93EA826FA567700783ECC /* Release */ = {
			isa = XCBuildConfiguration;
			buildSettings = {
				ALWAYS_SEARCH_USER_PATHS = NO;
				CLANG_ANALYZER_LOCALIZABILITY_NONLOCALIZED = YES;
				CLANG_ANALYZER_NONNULL = YES;
				CLANG_ANALYZER_NUMBER_OBJECT_CONVERSION = YES_AGGRESSIVE;
				CLANG_CXX_LANGUAGE_STANDARD = "gnu++14";
				CLANG_CXX_LIBRARY = "libc++";
				CLANG_ENABLE_MODULES = YES;
				CLANG_ENABLE_OBJC_ARC = YES;
				CLANG_ENABLE_OBJC_WEAK = YES;
				CLANG_WARN_BLOCK_CAPTURE_AUTORELEASING = YES;
				CLANG_WARN_BOOL_CONVERSION = YES;
				CLANG_WARN_COMMA = YES;
				CLANG_WARN_CONSTANT_CONVERSION = YES;
				CLANG_WARN_DEPRECATED_OBJC_IMPLEMENTATIONS = YES;
				CLANG_WARN_DIRECT_OBJC_ISA_USAGE = YES_ERROR;
				CLANG_WARN_DOCUMENTATION_COMMENTS = YES;
				CLANG_WARN_EMPTY_BODY = YES;
				CLANG_WARN_ENUM_CONVERSION = YES;
				CLANG_WARN_INFINITE_RECURSION = YES;
				CLANG_WARN_INT_CONVERSION = YES;
				CLANG_WARN_NON_LITERAL_NULL_CONVERSION = YES;
				CLANG_WARN_OBJC_IMPLICIT_RETAIN_SELF = YES;
				CLANG_WARN_OBJC_LITERAL_CONVERSION = YES;
				CLANG_WARN_OBJC_ROOT_CLASS = YES_ERROR;
				CLANG_WARN_QUOTED_INCLUDE_IN_FRAMEWORK_HEADER = YES;
				CLANG_WARN_RANGE_LOOP_ANALYSIS = YES;
				CLANG_WARN_STRICT_PROTOTYPES = YES;
				CLANG_WARN_SUSPICIOUS_MOVE = YES;
				CLANG_WARN_UNGUARDED_AVAILABILITY = YES_AGGRESSIVE;
				CLANG_WARN_UNREACHABLE_CODE = YES;
				CLANG_WARN__DUPLICATE_METHOD_MATCH = YES;
				COPY_PHASE_STRIP = NO;
				DEBUG_INFORMATION_FORMAT = "dwarf-with-dsym";
				ENABLE_NS_ASSERTIONS = NO;
				ENABLE_STRICT_OBJC_MSGSEND = YES;
				GCC_C_LANGUAGE_STANDARD = gnu11;
				GCC_NO_COMMON_BLOCKS = YES;
				GCC_WARN_64_TO_32_BIT_CONVERSION = YES;
				GCC_WARN_ABOUT_RETURN_TYPE = YES_ERROR;
				GCC_WARN_UNDECLARED_SELECTOR = YES;
				GCC_WARN_UNINITIALIZED_AUTOS = YES_AGGRESSIVE;
				GCC_WARN_UNUSED_FUNCTION = YES;
				GCC_WARN_UNUSED_VARIABLE = YES;
				IPHONEOS_DEPLOYMENT_TARGET = 12.3;
				MTL_ENABLE_DEBUG_INFO = NO;
				MTL_FAST_MATH = YES;
				SDKROOT = iphoneos;
				SWIFT_COMPILATION_MODE = wholemodule;
				SWIFT_OPTIMIZATION_LEVEL = "-O";
				VALIDATE_PRODUCT = YES;
			};
			name = Release;
		};
		40E93EAA26FA567700783ECC /* Debug */ = {
			isa = XCBuildConfiguration;
			baseConfigurationReference = 87A1E775F70591729C8D20C9 /* Pods-WeatherApp.debug.xcconfig */;
			buildSettings = {
				ASSETCATALOG_COMPILER_APPICON_NAME = AppIcon;
				ASSETCATALOG_COMPILER_GLOBAL_ACCENT_COLOR_NAME = AccentColor;
				CODE_SIGN_STYLE = Automatic;
				DEVELOPMENT_TEAM = X9YKGG45V3;
				INFOPLIST_FILE = WeatherApp/Info.plist;
				LD_RUNPATH_SEARCH_PATHS = (
					"$(inherited)",
					"@executable_path/Frameworks",
				);
				PRODUCT_BUNDLE_IDENTIFIER = bx.WeatherApp;
				PRODUCT_NAME = "$(TARGET_NAME)";
				SWIFT_VERSION = 5.0;
				TARGETED_DEVICE_FAMILY = 1;
			};
			name = Debug;
		};
		40E93EAB26FA567700783ECC /* Release */ = {
			isa = XCBuildConfiguration;
			baseConfigurationReference = BB490BD5680C6E23B2A634CB /* Pods-WeatherApp.release.xcconfig */;
			buildSettings = {
				ASSETCATALOG_COMPILER_APPICON_NAME = AppIcon;
				ASSETCATALOG_COMPILER_GLOBAL_ACCENT_COLOR_NAME = AccentColor;
				CODE_SIGN_STYLE = Automatic;
				DEVELOPMENT_TEAM = X9YKGG45V3;
				INFOPLIST_FILE = WeatherApp/Info.plist;
				LD_RUNPATH_SEARCH_PATHS = (
					"$(inherited)",
					"@executable_path/Frameworks",
				);
				PRODUCT_BUNDLE_IDENTIFIER = bx.WeatherApp;
				PRODUCT_NAME = "$(TARGET_NAME)";
				SWIFT_VERSION = 5.0;
				TARGETED_DEVICE_FAMILY = 1;
			};
			name = Release;
		};
/* End XCBuildConfiguration section */

/* Begin XCConfigurationList section */
		40E93E8D26FA567600783ECC /* Build configuration list for PBXProject "WeatherApp" */ = {
			isa = XCConfigurationList;
			buildConfigurations = (
				40E93EA726FA567700783ECC /* Debug */,
				40E93EA826FA567700783ECC /* Release */,
			);
			defaultConfigurationIsVisible = 0;
			defaultConfigurationName = Release;
		};
		40E93EA926FA567700783ECC /* Build configuration list for PBXNativeTarget "WeatherApp" */ = {
			isa = XCConfigurationList;
			buildConfigurations = (
				40E93EAA26FA567700783ECC /* Debug */,
				40E93EAB26FA567700783ECC /* Release */,
			);
			defaultConfigurationIsVisible = 0;
			defaultConfigurationName = Release;
		};
/* End XCConfigurationList section */

/* Begin XCVersionGroup section */
		4087C357270289520027CD62 /* DB.xcdatamodeld */ = {
			isa = XCVersionGroup;
			children = (
				4087C358270289520027CD62 /* DB.xcdatamodel */,
			);
			currentVersion = 4087C358270289520027CD62 /* DB.xcdatamodel */;
			path = DB.xcdatamodeld;
			sourceTree = "<group>";
			versionGroupType = wrapper.xcdatamodel;
		};
/* End XCVersionGroup section */
	};
	rootObject = 40E93E8A26FA567600783ECC /* Project object */;
}
